
Microsoft Visual Studio Solution File, Format Version 12.00
# Visual Studio Version 17
VisualStudioVersion = 17.4.33213.308
MinimumVisualStudioVersion = 10.0.40219.1
Project("{9A19103F-16F7-4668-BE54-9A1E7A4F7556}") = "TweetTrends", "Eva_Test\TweetTrends.csproj", "{12CD3CDF-FE27-4DD7-B4F9-AD3E6A705E7E}"
EndProject
Project("{9A19103F-16F7-4668-BE54-9A1E7A4F7556}") = "BisnessLogic", "BisnessLogic\BisnessLogic.csproj", "{0C7F259B-D421-4706-91AB-F1181207EF0A}"
EndProject
Project("{9A19103F-16F7-4668-BE54-9A1E7A4F7556}") = "DataAccess", "DataAccess\DataAccess.csproj", "{54F1838A-0D08-43F3-BCA1-AB80D0865705}"
EndProject
Global
	GlobalSection(SolutionConfigurationPlatforms) = preSolution
		Debug|Any CPU = Debug|Any CPU
		Release|Any CPU = Release|Any CPU
	EndGlobalSection
	GlobalSection(ProjectConfigurationPlatforms) = postSolution
		{12CD3CDF-FE27-4DD7-B4F9-AD3E6A705E7E}.Debug|Any CPU.ActiveCfg = Debug|Any CPU
		{12CD3CDF-FE27-4DD7-B4F9-AD3E6A705E7E}.Debug|Any CPU.Build.0 = Debug|Any CPU
		{12CD3CDF-FE27-4DD7-B4F9-AD3E6A705E7E}.Release|Any CPU.ActiveCfg = Release|Any CPU
		{12CD3CDF-FE27-4DD7-B4F9-AD3E6A705E7E}.Release|Any CPU.Build.0 = Release|Any CPU
		{0C7F259B-D421-4706-91AB-F1181207EF0A}.Debug|Any CPU.ActiveCfg = Debug|Any CPU
		{0C7F259B-D421-4706-91AB-F1181207EF0A}.Debug|Any CPU.Build.0 = Debug|Any CPU
		{0C7F259B-D421-4706-91AB-F1181207EF0A}.Release|Any CPU.ActiveCfg = Release|Any CPU
		{0C7F259B-D421-4706-91AB-F1181207EF0A}.Release|Any CPU.Build.0 = Release|Any CPU
		{54F1838A-0D08-43F3-BCA1-AB80D0865705}.Debug|Any CPU.ActiveCfg = Debug|Any CPU
		{54F1838A-0D08-43F3-BCA1-AB80D0865705}.Debug|Any CPU.Build.0 = Debug|Any CPU
		{54F1838A-0D08-43F3-BCA1-AB80D0865705}.Release|Any CPU.ActiveCfg = Release|Any CPU
		{54F1838A-0D08-43F3-BCA1-AB80D0865705}.Release|Any CPU.Build.0 = Release|Any CPU
	EndGlobalSection
	GlobalSection(SolutionProperties) = preSolution
		HideSolutionNode = FALSE
	EndGlobalSection
	GlobalSection(ExtensibilityGlobals) = postSolution
		SolutionGuid = {601A3A7B-FE71-44CF-9471-FE667B566861}
	EndGlobalSection
EndGlobal
